{
  "name": "deepgram_topic_detection",
  "version": "1.0.0",
  "lockfileVersion": 2,
  "requires": true,
  "packages": {
    "": {
      "name": "deepgram_topic_detection",
      "version": "1.0.0",
      "license": "ISC",
      "dependencies": {
        "@deepgram/sdk": "^1.10.1"
      }
    },
    "node_modules/@deepgram/sdk": {
      "version": "1.10.1",
      "resolved": "https://registry.npmjs.org/@deepgram/sdk/-/sdk-1.10.1.tgz",
      "integrity": "sha512-HZ7PPIZ1ejGKnfOVkb4gMPDTjKIs/1lTC2W3OPzTI56nGJGd3EVUp/wiQ9w3lru3Rdz+OxrcVo1WzcjWu4w/Lg==",
      "dependencies": {
        "bufferutil": "^4.0.6",
        "utf-8-validate": "^5.0.9",
        "ws": "^7.5.5"
      }
    },
    "node_modules/bufferutil": {
      "version": "4.0.6",
      "resolved": "https://registry.npmjs.org/bufferutil/-/bufferutil-4.0.6.tgz",
      "integrity": "sha512-jduaYOYtnio4aIAyc6UbvPCVcgq7nYpVnucyxr6eCYg/Woad9Hf/oxxBRDnGGjPfjUm6j5O/uBWhIu4iLebFaw==",
      "hasInstallScript": true,
      "dependencies": {
        "node-gyp-build": "^4.3.0"
      },
      "engines": {
        "node": ">=6.14.2"
      }
    },
    "node_modules/node-gyp-build": {
      "version": "4.5.0",
      "resolved": "https://registry.npmjs.org/node-gyp-build/-/node-gyp-build-4.5.0.tgz",
      "integrity": "sha512-2iGbaQBV+ITgCz76ZEjmhUKAKVf7xfY1sRl4UiKQspfZMH2h06SyhNsnSVy50cwkFQDGLyif6m/6uFXHkOZ6rg==",
      "bin": {
        "node-gyp-build": "bin.js",
        "node-gyp-build-optional": "optional.js",
        "node-gyp-build-test": "build-test.js"
      }
    },
    "node_modules/utf-8-validate": {
      "version": "5.0.9",
      "resolved": "https://registry.npmjs.org/utf-8-validate/-/utf-8-validate-5.0.9.tgz",
      "integrity": "sha512-Yek7dAy0v3Kl0orwMlvi7TPtiCNrdfHNd7Gcc/pLq4BLXqfAmd0J7OWMizUQnTTJsyjKn02mU7anqwfmUP4J8Q==",
      "hasInstallScript": true,
      "dependencies": {
        "node-gyp-build": "^4.3.0"
      },
      "engines": {
        "node": ">=6.14.2"
      }
    },
    "node_modules/ws": {
      "version": "7.5.9",
      "resolved": "https://registry.npmjs.org/ws/-/ws-7.5.9.tgz",
      "integrity": "sha512-F+P9Jil7UiSKSkppIiD94dN07AwvFixvLIj1Og1Rl9GGMuNipJnV9JzjD6XuqmAeiswGvUmNLjr5cFuXwNS77Q==",
      "engines": {
        "node": ">=8.3.0"
      },
      "peerDependencies": {
        "bufferutil": "^4.0.1",
        "utf-8-validate": "^5.0.2"
      },
      "peerDependenciesMeta": {
        "bufferutil": {
          "optional": true
        },
        "utf-8-validate": {
          "optional": true
        }
      }
    }
  },
  "dependencies": {
    "@deepgram/sdk": {
      "version": "1.10.1",
      "resolved": "https://registry.npmjs.org/@deepgram/sdk/-/sdk-1.10.1.tgz",
      "integrity": "sha512-HZ7PPIZ1ejGKnfOVkb4gMPDTjKIs/1lTC2W3OPzTI56nGJGd3EVUp/wiQ9w3lru3Rdz+OxrcVo1WzcjWu4w/Lg==",
      "requires": {
        "bufferutil": "^4.0.6",
        "utf-8-validate": "^5.0.9",
        "ws": "^7.5.5"
      }
    },
    "bufferutil": {
      "version": "4.0.6",
      "resolved": "https://registry.npmjs.org/bufferutil/-/bufferutil-4.0.6.tgz",
      "integrity": "sha512-jduaYOYtnio4aIAyc6UbvPCVcgq7nYpVnucyxr6eCYg/Woad9Hf/oxxBRDnGGjPfjUm6j5O/uBWhIu4iLebFaw==",
      "requires": {
        "node-gyp-build": "^4.3.0"
      }
    },
    "node-gyp-build": {
      "version": "4.5.0",
      "resolved": "https://registry.npmjs.org/node-gyp-build/-/node-gyp-build-4.5.0.tgz",
      "integrity": "sha512-2iGbaQBV+ITgCz76ZEjmhUKAKVf7xfY1sRl4UiKQspfZMH2h06SyhNsnSVy50cwkFQDGLyif6m/6uFXHkOZ6rg=="
    },
    "utf-8-validate": {
      "version": "5.0.9",
      "resolved": "https://registry.npmjs.org/utf-8-validate/-/utf-8-validate-5.0.9.tgz",
      "integrity": "sha512-Yek7dAy0v3Kl0orwMlvi7TPtiCNrdfHNd7Gcc/pLq4BLXqfAmd0J7OWMizUQnTTJsyjKn02mU7anqwfmUP4J8Q==",
      "requires": {
        "node-gyp-build": "^4.3.0"
      }
    },
    "ws": {
      "version": "7.5.9",
      "resolved": "https://registry.npmjs.org/ws/-/ws-7.5.9.tgz",
      "integrity": "sha512-F+P9Jil7UiSKSkppIiD94dN07AwvFixvLIj1Og1Rl9GGMuNipJnV9JzjD6XuqmAeiswGvUmNLjr5cFuXwNS77Q==",
      "requires": {}
    }
  }
}
