# THIS IS AN AUTOGENERATED FILE. DO NOT EDIT THIS FILE DIRECTLY.
# yarn lockfile v1


axios@^0.21.1:
  version "0.21.4"
  resolved "https://registry.yarnpkg.com/axios/-/axios-0.21.4.tgz#c67b90dc0568e5c1cf2b0b858c43ba28e2eda575"
  integrity sha512-ut5vewkiu8jjGBdqpM44XxjuCjq9LAKeHVmoVfHVzy8eHgxxq8SbAVQNovDA8mVi05kP0Ea/n/UzcSHcTJQfNg==
  dependencies:
    follow-redirects "^1.14.0"

bitly@^7.1.2:
  version "7.1.2"
  resolved "https://registry.yarnpkg.com/bitly/-/bitly-7.1.2.tgz#157e30d3017d8f368e099e515f09020ab7999031"
  integrity sha512-DWjsnJ7vaQ6PbTZtuYXwDFeJQfqoN7GIbALo6vVfrPc2tp1jWPzn9QVZI1OxwDK6kSwfg5lTvsYu6yvg+3HSUw==
  dependencies:
    axios "^0.21.1"
    valid-url "^1.0.9"

follow-redirects@^1.14.0:
  version "1.15.2"
  resolved "https://registry.yarnpkg.com/follow-redirects/-/follow-redirects-1.15.2.tgz#b460864144ba63f2681096f274c4e57026da2c13"
  integrity sha512-VQLG33o04KaQ8uYi2tVNbdrWp1QWxNNea+nmIB4EVM28v0hmP17z7aG1+wAkNzVq4KeXTq3221ye5qTJP91JwA==

turl@^1.1.2:
  version "1.1.2"
  resolved "https://registry.yarnpkg.com/turl/-/turl-1.1.2.tgz#f76b452a9833b5260964e69c5a179c2d32534b1d"
  integrity sha512-Du3K3/ivcj0oqh5Arb5y4jqjW+fMaZyPLO7vkL4kgbdF+TS6Jjh43y+6eFLbpUULeJdA6kjkR0AAtyG1EnQ0aA==

valid-url@^1.0.9:
  version "1.0.9"
  resolved "https://registry.yarnpkg.com/valid-url/-/valid-url-1.0.9.tgz#1c14479b40f1397a75782f115e4086447433a200"
  integrity sha512-QQDsV8OnSf5Uc30CKSwG9lnhMPe6exHtTXLRYX8uMwKENy640pU+2BgBL0LRbDh/eYRahNCS7aewCx0wf3NYVA==
